// !$*UTF8*$!
{
	archiveVersion = 1;
	classes = {
	};
	objectVersion = 48;
	objects = {

/* Begin PBXBuildFile section */
		3B9C4EFB8AA9D0EF25E5EE9C /* Pods_Hello_DemoUITests.framework in Frameworks */ = {isa = PBXBuildFile; fileRef = 48BB24CEB922E25FC3C79B70 /* Pods_Hello_DemoUITests.framework */; };
		9A00613C202EE0660062E8DA /* CircularProgressView.swift in Sources */ = {isa = PBXBuildFile; fileRef = 9A006134202EE0660062E8DA /* CircularProgressView.swift */; };
		9A00613D202EE0660062E8DA /* NSBezierPath-CGPath.swift in Sources */ = {isa = PBXBuildFile; fileRef = 9A006135202EE0660062E8DA /* NSBezierPath-CGPath.swift */; };
		9A00613E202EE0660062E8DA /* ProgressBar.swift in Sources */ = {isa = PBXBuildFile; fileRef = 9A006136202EE0660062E8DA /* ProgressBar.swift */; };
		9A00613F202EE0660062E8DA /* DeterminateAnimation.swift in Sources */ = {isa = PBXBuildFile; fileRef = 9A006137202EE0660062E8DA /* DeterminateAnimation.swift */; };
		9A006140202EE0660062E8DA /* BaseView.swift in Sources */ = {isa = PBXBuildFile; fileRef = 9A006138202EE0660062E8DA /* BaseView.swift */; };
		9A006142202EE0890062E8DA /* PlayerViewController.storyboard in Resources */ = {isa = PBXBuildFile; fileRef = 9A006141202EE0880062E8DA /* PlayerViewController.storyboard */; };
		9A006144202EE5CB0062E8DA /* ViewController.swift in Sources */ = {isa = PBXBuildFile; fileRef = 9A006143202EE5CB0062E8DA /* ViewController.swift */; };
		9A12CEB0200DBCDE00844308 /* SyncFileManager.swift in Sources */ = {isa = PBXBuildFile; fileRef = 9A12CEAF200DBCDE00844308 /* SyncFileManager.swift */; };
		9A205C1B1FFF95850033D96D /* PreferencesStore.swift in Sources */ = {isa = PBXBuildFile; fileRef = 9A205C1A1FFF95850033D96D /* PreferencesStore.swift */; };
		9A205C1E1FFF97FD0033D96D /* FavouriteListUpdater.swift in Sources */ = {isa = PBXBuildFile; fileRef = 9A205C1D1FFF97FD0033D96D /* FavouriteListUpdater.swift */; };
		9A3564E220172801008DC087 /* FileUploader.swift in Sources */ = {isa = PBXBuildFile; fileRef = 9A3564E120172801008DC087 /* FileUploader.swift */; };
		9A44227D20067E820023E37D /* InboxListUpdater.swift in Sources */ = {isa = PBXBuildFile; fileRef = 9A44227C20067E820023E37D /* InboxListUpdater.swift */; };
		9A4A2E8320358EEC00C606D3 /* RecordingManager.m in Sources */ = {isa = PBXBuildFile; fileRef = 9A4A2E8220358EEC00C606D3 /* RecordingManager.m */; };
		9A4A2E852035BCD000C606D3 /* CaptureListUpdater.swift in Sources */ = {isa = PBXBuildFile; fileRef = 9A4A2E842035BCD000C606D3 /* CaptureListUpdater.swift */; };
		9A5805631FF4C37400A55D16 /* MenuBarActionHandler.swift in Sources */ = {isa = PBXBuildFile; fileRef = 9A5805621FF4C37400A55D16 /* MenuBarActionHandler.swift */; };
		9A5805661FF4C97200A55D16 /* AudioRecordingController.swift in Sources */ = {isa = PBXBuildFile; fileRef = 9A5805651FF4C97200A55D16 /* AudioRecordingController.swift */; };
		9A5805691FF4D1C900A55D16 /* RecordingStoreManager.swift in Sources */ = {isa = PBXBuildFile; fileRef = 9A5805681FF4D1C900A55D16 /* RecordingStoreManager.swift */; };
		9A5B5B95201B44AC0078BB7C /* MiniAudioPlayerController.swift in Sources */ = {isa = PBXBuildFile; fileRef = 9A5B5B94201B44AC0078BB7C /* MiniAudioPlayerController.swift */; };
		9A5B5B97201B45E60078BB7C /* MiniAudioPlayerController.storyboard in Resources */ = {isa = PBXBuildFile; fileRef = 9A5B5B96201B45E60078BB7C /* MiniAudioPlayerController.storyboard */; };
		9A5B5B9A201B4AD50078BB7C /* NSViewController+Utilities.swift in Sources */ = {isa = PBXBuildFile; fileRef = 9A5B5B98201B4AD40078BB7C /* NSViewController+Utilities.swift */; };
		9A5B5B9B201B4AD50078BB7C /* NSStoryboard+Utilities.swift in Sources */ = {isa = PBXBuildFile; fileRef = 9A5B5B99201B4AD40078BB7C /* NSStoryboard+Utilities.swift */; };
		9A5B5B9D201B6BD50078BB7C /* PlayerViewController.swift in Sources */ = {isa = PBXBuildFile; fileRef = 9A5B5B9C201B6BD50078BB7C /* PlayerViewController.swift */; };
		9A5ECE2C2029D79500328094 /* RecordSyncFileManager.swift in Sources */ = {isa = PBXBuildFile; fileRef = 9A5ECE2B2029D79500328094 /* RecordSyncFileManager.swift */; };
		9ABC911D2004BB94003AEB80 /* DataRequestHandler.swift in Sources */ = {isa = PBXBuildFile; fileRef = 9ABC911C2004BB94003AEB80 /* DataRequestHandler.swift */; };
		9ABC911F2004C37F003AEB80 /* DictionaryCleanup.swift in Sources */ = {isa = PBXBuildFile; fileRef = 9ABC911E2004C37F003AEB80 /* DictionaryCleanup.swift */; };
		9ABE2C1E20091EE50025BA5A /* CaptureTextField.swift in Sources */ = {isa = PBXBuildFile; fileRef = 9ABE2C1D20091EE50025BA5A /* CaptureTextField.swift */; };
		9AC7D40C1FFB9E7600D3689E /* CreateDirecotry.swift in Sources */ = {isa = PBXBuildFile; fileRef = 9AC7D40B1FFB9E7600D3689E /* CreateDirecotry.swift */; };
		9ADE7B9A1FF3FACB00AE8885 /* AppDelegate.swift in Sources */ = {isa = PBXBuildFile; fileRef = 9ADE7B991FF3FACB00AE8885 /* AppDelegate.swift */; };
		9ADE7B9D1FF3FACB00AE8885 /* Audio_Capture.xcdatamodeld in Sources */ = {isa = PBXBuildFile; fileRef = 9ADE7B9B1FF3FACB00AE8885 /* Audio_Capture.xcdatamodeld */; };
		9ADE7B9F1FF3FACB00AE8885 /* Assets.xcassets in Resources */ = {isa = PBXBuildFile; fileRef = 9ADE7B9E1FF3FACB00AE8885 /* Assets.xcassets */; };
		9ADE7BA21FF3FACB00AE8885 /* MainMenu.xib in Resources */ = {isa = PBXBuildFile; fileRef = 9ADE7BA01FF3FACB00AE8885 /* MainMenu.xib */; };
		9ADE7BAE1FF3FACB00AE8885 /* Audio_CaptureTests.swift in Sources */ = {isa = PBXBuildFile; fileRef = 9ADE7BAD1FF3FACB00AE8885 /* Audio_CaptureTests.swift */; };
		9ADE7BB91FF3FACB00AE8885 /* Audio_CaptureUITests.swift in Sources */ = {isa = PBXBuildFile; fileRef = 9ADE7BB81FF3FACB00AE8885 /* Audio_CaptureUITests.swift */; };
		9ADE7BD01FF3FF5F00AE8885 /* DoubleClickButton.swift in Sources */ = {isa = PBXBuildFile; fileRef = 9ADE7BCF1FF3FF5F00AE8885 /* DoubleClickButton.swift */; };
		9AE97A0320022A3300815942 /* MusicLoginController.swift in Sources */ = {isa = PBXBuildFile; fileRef = 9AE97A0220022A3300815942 /* MusicLoginController.swift */; };
		9AE97A0520022A7D00815942 /* MusicLoginController.xib in Resources */ = {isa = PBXBuildFile; fileRef = 9AE97A0420022A7D00815942 /* MusicLoginController.xib */; };
		9AE97A0D20023C3200815942 /* NSUtilities.swift in Sources */ = {isa = PBXBuildFile; fileRef = 9AE97A0C20023C3200815942 /* NSUtilities.swift */; };
		9AF2900D200394570017E9AD /* ApiConstants.swift in Sources */ = {isa = PBXBuildFile; fileRef = 9AF2900C200394570017E9AD /* ApiConstants.swift */; };
		B9220D29795D270AFDCF0142 /* Pods_Audio_CaptureUITests.framework in Frameworks */ = {isa = PBXBuildFile; fileRef = 99A41F0EEBC20CAE852C191D /* Pods_Audio_CaptureUITests.framework */; };
		C4BA0E493902225A0212ACA4 /* Pods_Hello_Demo.framework in Frameworks */ = {isa = PBXBuildFile; fileRef = E74D05BF4D2964969594DA37 /* Pods_Hello_Demo.framework */; };
		C99F5572108DEADCD3B2D840 /* Pods_Hello_DemoTests.framework in Frameworks */ = {isa = PBXBuildFile; fileRef = E52F151D7B5E5C8BC34FF7BC /* Pods_Hello_DemoTests.framework */; };
		E9B6AE7F275FEB54087A914B /* Pods_Audio_CaptureTests.framework in Frameworks */ = {isa = PBXBuildFile; fileRef = 49A9802D129883F571D39D9C /* Pods_Audio_CaptureTests.framework */; };
/* End PBXBuildFile section */

/* Begin PBXContainerItemProxy section */
		9ADE7BAA1FF3FACB00AE8885 /* PBXContainerItemProxy */ = {
			isa = PBXContainerItemProxy;
			containerPortal = 9ADE7B8E1FF3FACB00AE8885 /* Project object */;
			proxyType = 1;
			remoteGlobalIDString = 9ADE7B951FF3FACB00AE8885;
			remoteInfo = "Audio Capture";
		};
		9ADE7BB51FF3FACB00AE8885 /* PBXContainerItemProxy */ = {
			isa = PBXContainerItemProxy;
			containerPortal = 9ADE7B8E1FF3FACB00AE8885 /* Project object */;
			proxyType = 1;
			remoteGlobalIDString = 9ADE7B951FF3FACB00AE8885;
			remoteInfo = "Audio Capture";
		};
/* End PBXContainerItemProxy section */

/* Begin PBXFileReference section */
		0DCFEEF1DFDFC25073C02865 /* Pods-Hello Demo.debug.xcconfig */ = {isa = PBXFileReference; includeInIndex = 1; lastKnownFileType = text.xcconfig; name = "Pods-Hello Demo.debug.xcconfig"; path = "Pods/Target Support Files/Pods-Hello Demo/Pods-Hello Demo.debug.xcconfig"; sourceTree = "<group>"; };
		150E20FA87672E006BD8806E /* Pods-Audio CaptureTests.release.xcconfig */ = {isa = PBXFileReference; includeInIndex = 1; lastKnownFileType = text.xcconfig; name = "Pods-Audio CaptureTests.release.xcconfig"; path = "Pods/Target Support Files/Pods-Audio CaptureTests/Pods-Audio CaptureTests.release.xcconfig"; sourceTree = "<group>"; };
		44F42D2B3E6D2D63F3F7E13A /* Pods-Hello DemoUITests.debug.xcconfig */ = {isa = PBXFileReference; includeInIndex = 1; lastKnownFileType = text.xcconfig; name = "Pods-Hello DemoUITests.debug.xcconfig"; path = "Pods/Target Support Files/Pods-Hello DemoUITests/Pods-Hello DemoUITests.debug.xcconfig"; sourceTree = "<group>"; };
		48BB24CEB922E25FC3C79B70 /* Pods_Hello_DemoUITests.framework */ = {isa = PBXFileReference; explicitFileType = wrapper.framework; includeInIndex = 0; path = Pods_Hello_DemoUITests.framework; sourceTree = BUILT_PRODUCTS_DIR; };
		49A9802D129883F571D39D9C /* Pods_Audio_CaptureTests.framework */ = {isa = PBXFileReference; explicitFileType = wrapper.framework; includeInIndex = 0; path = Pods_Audio_CaptureTests.framework; sourceTree = BUILT_PRODUCTS_DIR; };
		5D8FCC5B7DFE58C848D274A2 /* Pods-Hello DemoUITests.release.xcconfig */ = {isa = PBXFileReference; includeInIndex = 1; lastKnownFileType = text.xcconfig; name = "Pods-Hello DemoUITests.release.xcconfig"; path = "Pods/Target Support Files/Pods-Hello DemoUITests/Pods-Hello DemoUITests.release.xcconfig"; sourceTree = "<group>"; };
		65849D57DE3A7226C627DD67 /* Pods-Hello DemoTests.release.xcconfig */ = {isa = PBXFileReference; includeInIndex = 1; lastKnownFileType = text.xcconfig; name = "Pods-Hello DemoTests.release.xcconfig"; path = "Pods/Target Support Files/Pods-Hello DemoTests/Pods-Hello DemoTests.release.xcconfig"; sourceTree = "<group>"; };
		765E74007FCB3EE86D4F60CC /* Pods-Audio Capture.release.xcconfig */ = {isa = PBXFileReference; includeInIndex = 1; lastKnownFileType = text.xcconfig; name = "Pods-Audio Capture.release.xcconfig"; path = "Pods/Target Support Files/Pods-Audio Capture/Pods-Audio Capture.release.xcconfig"; sourceTree = "<group>"; };
		85E9E296B14B03EBAA625FE7 /* Pods-Hello Demo.release.xcconfig */ = {isa = PBXFileReference; includeInIndex = 1; lastKnownFileType = text.xcconfig; name = "Pods-Hello Demo.release.xcconfig"; path = "Pods/Target Support Files/Pods-Hello Demo/Pods-Hello Demo.release.xcconfig"; sourceTree = "<group>"; };
		99A41F0EEBC20CAE852C191D /* Pods_Audio_CaptureUITests.framework */ = {isa = PBXFileReference; explicitFileType = wrapper.framework; includeInIndex = 0; path = Pods_Audio_CaptureUITests.framework; sourceTree = BUILT_PRODUCTS_DIR; };
		9A006134202EE0660062E8DA /* CircularProgressView.swift */ = {isa = PBXFileReference; fileEncoding = 4; lastKnownFileType = sourcecode.swift; path = CircularProgressView.swift; sourceTree = "<group>"; };
		9A006135202EE0660062E8DA /* NSBezierPath-CGPath.swift */ = {isa = PBXFileReference; fileEncoding = 4; lastKnownFileType = sourcecode.swift; path = "NSBezierPath-CGPath.swift"; sourceTree = "<group>"; };
		9A006136202EE0660062E8DA /* ProgressBar.swift */ = {isa = PBXFileReference; fileEncoding = 4; lastKnownFileType = sourcecode.swift; path = ProgressBar.swift; sourceTree = "<group>"; };
		9A006137202EE0660062E8DA /* DeterminateAnimation.swift */ = {isa = PBXFileReference; fileEncoding = 4; lastKnownFileType = sourcecode.swift; path = DeterminateAnimation.swift; sourceTree = "<group>"; };
		9A006138202EE0660062E8DA /* BaseView.swift */ = {isa = PBXFileReference; fileEncoding = 4; lastKnownFileType = sourcecode.swift; path = BaseView.swift; sourceTree = "<group>"; };
		9A006141202EE0880062E8DA /* PlayerViewController.storyboard */ = {isa = PBXFileReference; fileEncoding = 4; lastKnownFileType = file.storyboard; path = PlayerViewController.storyboard; sourceTree = "<group>"; };
		9A006143202EE5CB0062E8DA /* ViewController.swift */ = {isa = PBXFileReference; fileEncoding = 4; lastKnownFileType = sourcecode.swift; path = ViewController.swift; sourceTree = "<group>"; };
		9A12CEAF200DBCDE00844308 /* SyncFileManager.swift */ = {isa = PBXFileReference; lastKnownFileType = sourcecode.swift; path = SyncFileManager.swift; sourceTree = "<group>"; };
		9A205C1A1FFF95850033D96D /* PreferencesStore.swift */ = {isa = PBXFileReference; fileEncoding = 4; lastKnownFileType = sourcecode.swift; path = PreferencesStore.swift; sourceTree = "<group>"; };
		9A205C1D1FFF97FD0033D96D /* FavouriteListUpdater.swift */ = {isa = PBXFileReference; lastKnownFileType = sourcecode.swift; path = FavouriteListUpdater.swift; sourceTree = "<group>"; };
		9A3564E120172801008DC087 /* FileUploader.swift */ = {isa = PBXFileReference; lastKnownFileType = sourcecode.swift; path = FileUploader.swift; sourceTree = "<group>"; };
		9A44227C20067E820023E37D /* InboxListUpdater.swift */ = {isa = PBXFileReference; lastKnownFileType = sourcecode.swift; path = InboxListUpdater.swift; sourceTree = "<group>"; };
		9A4A2E8020358EE900C606D3 /* Hello Demo-Bridging-Header.h */ = {isa = PBXFileReference; lastKnownFileType = sourcecode.c.h; path = "Hello Demo-Bridging-Header.h"; sourceTree = "<group>"; };
		9A4A2E8120358EEB00C606D3 /* RecordingManager.h */ = {isa = PBXFileReference; fileEncoding = 4; lastKnownFileType = sourcecode.c.h; path = RecordingManager.h; sourceTree = "<group>"; };
		9A4A2E8220358EEC00C606D3 /* RecordingManager.m */ = {isa = PBXFileReference; fileEncoding = 4; lastKnownFileType = sourcecode.c.objc; path = RecordingManager.m; sourceTree = "<group>"; };
		9A4A2E842035BCD000C606D3 /* CaptureListUpdater.swift */ = {isa = PBXFileReference; lastKnownFileType = sourcecode.swift; path = CaptureListUpdater.swift; sourceTree = "<group>"; };
		9A5805621FF4C37400A55D16 /* MenuBarActionHandler.swift */ = {isa = PBXFileReference; lastKnownFileType = sourcecode.swift; path = MenuBarActionHandler.swift; sourceTree = "<group>"; };
		9A5805651FF4C97200A55D16 /* AudioRecordingController.swift */ = {isa = PBXFileReference; lastKnownFileType = sourcecode.swift; path = AudioRecordingController.swift; sourceTree = "<group>"; };
		9A5805681FF4D1C900A55D16 /* RecordingStoreManager.swift */ = {isa = PBXFileReference; lastKnownFileType = sourcecode.swift; path = RecordingStoreManager.swift; sourceTree = "<group>"; };
		9A5B5B94201B44AC0078BB7C /* MiniAudioPlayerController.swift */ = {isa = PBXFileReference; lastKnownFileType = sourcecode.swift; path = MiniAudioPlayerController.swift; sourceTree = "<group>"; };
		9A5B5B96201B45E60078BB7C /* MiniAudioPlayerController.storyboard */ = {isa = PBXFileReference; lastKnownFileType = file.storyboard; path = MiniAudioPlayerController.storyboard; sourceTree = "<group>"; };
		9A5B5B98201B4AD40078BB7C /* NSViewController+Utilities.swift */ = {isa = PBXFileReference; fileEncoding = 4; lastKnownFileType = sourcecode.swift; path = "NSViewController+Utilities.swift"; sourceTree = "<group>"; };
		9A5B5B99201B4AD40078BB7C /* NSStoryboard+Utilities.swift */ = {isa = PBXFileReference; fileEncoding = 4; lastKnownFileType = sourcecode.swift; path = "NSStoryboard+Utilities.swift"; sourceTree = "<group>"; };
		9A5B5B9C201B6BD50078BB7C /* PlayerViewController.swift */ = {isa = PBXFileReference; lastKnownFileType = sourcecode.swift; path = PlayerViewController.swift; sourceTree = "<group>"; };
		9A5ECE2B2029D79500328094 /* RecordSyncFileManager.swift */ = {isa = PBXFileReference; lastKnownFileType = sourcecode.swift; path = RecordSyncFileManager.swift; sourceTree = "<group>"; };
		9A6FF41C1FFCE12500756E0C /* API_README.md */ = {isa = PBXFileReference; lastKnownFileType = net.daringfireball.markdown; path = API_README.md; sourceTree = "<group>"; tabWidth = 2; };
		9ABC911C2004BB94003AEB80 /* DataRequestHandler.swift */ = {isa = PBXFileReference; lastKnownFileType = sourcecode.swift; path = DataRequestHandler.swift; sourceTree = "<group>"; };
		9ABC911E2004C37F003AEB80 /* DictionaryCleanup.swift */ = {isa = PBXFileReference; lastKnownFileType = sourcecode.swift; path = DictionaryCleanup.swift; sourceTree = "<group>"; };
		9ABE2C0E20087CB50025BA5A /* TODO_README.md */ = {isa = PBXFileReference; lastKnownFileType = net.daringfireball.markdown; path = TODO_README.md; sourceTree = "<group>"; };
		9ABE2C1D20091EE50025BA5A /* CaptureTextField.swift */ = {isa = PBXFileReference; lastKnownFileType = sourcecode.swift; path = CaptureTextField.swift; sourceTree = "<group>"; };
		9AC7D40B1FFB9E7600D3689E /* CreateDirecotry.swift */ = {isa = PBXFileReference; lastKnownFileType = sourcecode.swift; path = CreateDirecotry.swift; sourceTree = "<group>"; };
		9ADE7B961FF3FACB00AE8885 /* Hello Demo.app */ = {isa = PBXFileReference; explicitFileType = wrapper.application; includeInIndex = 0; path = "Hello Demo.app"; sourceTree = BUILT_PRODUCTS_DIR; };
		9ADE7B991FF3FACB00AE8885 /* AppDelegate.swift */ = {isa = PBXFileReference; lastKnownFileType = sourcecode.swift; path = AppDelegate.swift; sourceTree = "<group>"; };
		9ADE7B9C1FF3FACB00AE8885 /* Audio_Capture.xcdatamodel */ = {isa = PBXFileReference; lastKnownFileType = wrapper.xcdatamodel; path = Audio_Capture.xcdatamodel; sourceTree = "<group>"; };
		9ADE7B9E1FF3FACB00AE8885 /* Assets.xcassets */ = {isa = PBXFileReference; lastKnownFileType = folder.assetcatalog; path = Assets.xcassets; sourceTree = "<group>"; };
		9ADE7BA11FF3FACB00AE8885 /* Base */ = {isa = PBXFileReference; lastKnownFileType = file.xib; name = Base; path = Base.lproj/MainMenu.xib; sourceTree = "<group>"; };
		9ADE7BA31FF3FACB00AE8885 /* Info.plist */ = {isa = PBXFileReference; lastKnownFileType = text.plist.xml; path = Info.plist; sourceTree = "<group>"; };
		9ADE7BA41FF3FACB00AE8885 /* Audio_Capture.entitlements */ = {isa = PBXFileReference; lastKnownFileType = text.plist.entitlements; path = Audio_Capture.entitlements; sourceTree = "<group>"; };
		9ADE7BA91FF3FACB00AE8885 /* Hello DemoTests.xctest */ = {isa = PBXFileReference; explicitFileType = wrapper.cfbundle; includeInIndex = 0; path = "Hello DemoTests.xctest"; sourceTree = BUILT_PRODUCTS_DIR; };
		9ADE7BAD1FF3FACB00AE8885 /* Audio_CaptureTests.swift */ = {isa = PBXFileReference; lastKnownFileType = sourcecode.swift; path = Audio_CaptureTests.swift; sourceTree = "<group>"; };
		9ADE7BAF1FF3FACB00AE8885 /* Info.plist */ = {isa = PBXFileReference; lastKnownFileType = text.plist.xml; path = Info.plist; sourceTree = "<group>"; };
		9ADE7BB41FF3FACB00AE8885 /* Hello DemoUITests.xctest */ = {isa = PBXFileReference; explicitFileType = wrapper.cfbundle; includeInIndex = 0; path = "Hello DemoUITests.xctest"; sourceTree = BUILT_PRODUCTS_DIR; };
		9ADE7BB81FF3FACB00AE8885 /* Audio_CaptureUITests.swift */ = {isa = PBXFileReference; lastKnownFileType = sourcecode.swift; path = Audio_CaptureUITests.swift; sourceTree = "<group>"; };
		9ADE7BBA1FF3FACB00AE8885 /* Info.plist */ = {isa = PBXFileReference; lastKnownFileType = text.plist.xml; path = Info.plist; sourceTree = "<group>"; };
		9ADE7BCF1FF3FF5F00AE8885 /* DoubleClickButton.swift */ = {isa = PBXFileReference; fileEncoding = 4; lastKnownFileType = sourcecode.swift; path = DoubleClickButton.swift; sourceTree = "<group>"; };
		9AE97A0220022A3300815942 /* MusicLoginController.swift */ = {isa = PBXFileReference; lastKnownFileType = sourcecode.swift; path = MusicLoginController.swift; sourceTree = "<group>"; };
		9AE97A0420022A7D00815942 /* MusicLoginController.xib */ = {isa = PBXFileReference; fileEncoding = 4; lastKnownFileType = file.xib; path = MusicLoginController.xib; sourceTree = "<group>"; };
		9AE97A0C20023C3200815942 /* NSUtilities.swift */ = {isa = PBXFileReference; fileEncoding = 4; lastKnownFileType = sourcecode.swift; path = NSUtilities.swift; sourceTree = "<group>"; };
		9AF2900C200394570017E9AD /* ApiConstants.swift */ = {isa = PBXFileReference; lastKnownFileType = sourcecode.swift; path = ApiConstants.swift; sourceTree = "<group>"; };
		A7482909E1ECF42C0576A2F0 /* Pods_Audio_Capture.framework */ = {isa = PBXFileReference; explicitFileType = wrapper.framework; includeInIndex = 0; path = Pods_Audio_Capture.framework; sourceTree = BUILT_PRODUCTS_DIR; };
		A75E21C8892CFECED9476201 /* Pods-Audio CaptureUITests.debug.xcconfig */ = {isa = PBXFileReference; includeInIndex = 1; lastKnownFileType = text.xcconfig; name = "Pods-Audio CaptureUITests.debug.xcconfig"; path = "Pods/Target Support Files/Pods-Audio CaptureUITests/Pods-Audio CaptureUITests.debug.xcconfig"; sourceTree = "<group>"; };
		CFE5C44685D27701893D47F6 /* Pods-Audio Capture.debug.xcconfig */ = {isa = PBXFileReference; includeInIndex = 1; lastKnownFileType = text.xcconfig; name = "Pods-Audio Capture.debug.xcconfig"; path = "Pods/Target Support Files/Pods-Audio Capture/Pods-Audio Capture.debug.xcconfig"; sourceTree = "<group>"; };
		DA0DF1F4FA9E90825FF346DB /* Pods-Audio CaptureUITests.release.xcconfig */ = {isa = PBXFileReference; includeInIndex = 1; lastKnownFileType = text.xcconfig; name = "Pods-Audio CaptureUITests.release.xcconfig"; path = "Pods/Target Support Files/Pods-Audio CaptureUITests/Pods-Audio CaptureUITests.release.xcconfig"; sourceTree = "<group>"; };
		E52F151D7B5E5C8BC34FF7BC /* Pods_Hello_DemoTests.framework */ = {isa = PBXFileReference; explicitFileType = wrapper.framework; includeInIndex = 0; path = Pods_Hello_DemoTests.framework; sourceTree = BUILT_PRODUCTS_DIR; };
		E74D05BF4D2964969594DA37 /* Pods_Hello_Demo.framework */ = {isa = PBXFileReference; explicitFileType = wrapper.framework; includeInIndex = 0; path = Pods_Hello_Demo.framework; sourceTree = BUILT_PRODUCTS_DIR; };
		FF06C07D1785AD975C099014 /* Pods-Audio CaptureTests.debug.xcconfig */ = {isa = PBXFileReference; includeInIndex = 1; lastKnownFileType = text.xcconfig; name = "Pods-Audio CaptureTests.debug.xcconfig"; path = "Pods/Target Support Files/Pods-Audio CaptureTests/Pods-Audio CaptureTests.debug.xcconfig"; sourceTree = "<group>"; };
		FF75CDA760852BDB3EEEDDEA /* Pods-Hello DemoTests.debug.xcconfig */ = {isa = PBXFileReference; includeInIndex = 1; lastKnownFileType = text.xcconfig; name = "Pods-Hello DemoTests.debug.xcconfig"; path = "Pods/Target Support Files/Pods-Hello DemoTests/Pods-Hello DemoTests.debug.xcconfig"; sourceTree = "<group>"; };
/* End PBXFileReference section */

/* Begin PBXFrameworksBuildPhase section */
		9ADE7B931FF3FACB00AE8885 /* Frameworks */ = {
			isa = PBXFrameworksBuildPhase;
			buildActionMask = 2147483647;
			files = (
				C4BA0E493902225A0212ACA4 /* Pods_Hello_Demo.framework in Frameworks */,
			);
			runOnlyForDeploymentPostprocessing = 0;
		};
		9ADE7BA61FF3FACB00AE8885 /* Frameworks */ = {
			isa = PBXFrameworksBuildPhase;
			buildActionMask = 2147483647;
			files = (
				E9B6AE7F275FEB54087A914B /* Pods_Audio_CaptureTests.framework in Frameworks */,
				C99F5572108DEADCD3B2D840 /* Pods_Hello_DemoTests.framework in Frameworks */,
			);
			runOnlyForDeploymentPostprocessing = 0;
		};
		9ADE7BB11FF3FACB00AE8885 /* Frameworks */ = {
			isa = PBXFrameworksBuildPhase;
			buildActionMask = 2147483647;
			files = (
				B9220D29795D270AFDCF0142 /* Pods_Audio_CaptureUITests.framework in Frameworks */,
				3B9C4EFB8AA9D0EF25E5EE9C /* Pods_Hello_DemoUITests.framework in Frameworks */,
			);
			runOnlyForDeploymentPostprocessing = 0;
		};
/* End PBXFrameworksBuildPhase section */

/* Begin PBXGroup section */
		5B0EA12DF0441DBFF8EF6DBA /* Frameworks */ = {
			isa = PBXGroup;
			children = (
				A7482909E1ECF42C0576A2F0 /* Pods_Audio_Capture.framework */,
				49A9802D129883F571D39D9C /* Pods_Audio_CaptureTests.framework */,
				99A41F0EEBC20CAE852C191D /* Pods_Audio_CaptureUITests.framework */,
				E74D05BF4D2964969594DA37 /* Pods_Hello_Demo.framework */,
				E52F151D7B5E5C8BC34FF7BC /* Pods_Hello_DemoTests.framework */,
				48BB24CEB922E25FC3C79B70 /* Pods_Hello_DemoUITests.framework */,
			);
			name = Frameworks;
			sourceTree = "<group>";
		};
		81F0980BD867FB0C21AC0D79 /* Pods */ = {
			isa = PBXGroup;
			children = (
				CFE5C44685D27701893D47F6 /* Pods-Audio Capture.debug.xcconfig */,
				765E74007FCB3EE86D4F60CC /* Pods-Audio Capture.release.xcconfig */,
				FF06C07D1785AD975C099014 /* Pods-Audio CaptureTests.debug.xcconfig */,
				150E20FA87672E006BD8806E /* Pods-Audio CaptureTests.release.xcconfig */,
				A75E21C8892CFECED9476201 /* Pods-Audio CaptureUITests.debug.xcconfig */,
				DA0DF1F4FA9E90825FF346DB /* Pods-Audio CaptureUITests.release.xcconfig */,
				0DCFEEF1DFDFC25073C02865 /* Pods-Hello Demo.debug.xcconfig */,
				85E9E296B14B03EBAA625FE7 /* Pods-Hello Demo.release.xcconfig */,
				FF75CDA760852BDB3EEEDDEA /* Pods-Hello DemoTests.debug.xcconfig */,
				65849D57DE3A7226C627DD67 /* Pods-Hello DemoTests.release.xcconfig */,
				44F42D2B3E6D2D63F3F7E13A /* Pods-Hello DemoUITests.debug.xcconfig */,
				5D8FCC5B7DFE58C848D274A2 /* Pods-Hello DemoUITests.release.xcconfig */,
			);
			name = Pods;
			sourceTree = "<group>";
		};
		9A006133202EE0660062E8DA /* Determinate */ = {
			isa = PBXGroup;
			children = (
				9A006134202EE0660062E8DA /* CircularProgressView.swift */,
				9A006135202EE0660062E8DA /* NSBezierPath-CGPath.swift */,
				9A006136202EE0660062E8DA /* ProgressBar.swift */,
				9A006137202EE0660062E8DA /* DeterminateAnimation.swift */,
				9A006138202EE0660062E8DA /* BaseView.swift */,
			);
			path = Determinate;
			sourceTree = "<group>";
		};
		9A12CEAE200DBCC100844308 /* SyncFileManager */ = {
			isa = PBXGroup;
			children = (
				9A12CEAF200DBCDE00844308 /* SyncFileManager.swift */,
				9A5ECE2B2029D79500328094 /* RecordSyncFileManager.swift */,
			);
			name = SyncFileManager;
			path = "Audio Capture/SyncFileManager";
			sourceTree = SOURCE_ROOT;
		};
		9A205C191FFF95850033D96D /* PreferencesStore */ = {
			isa = PBXGroup;
			children = (
				9A205C1A1FFF95850033D96D /* PreferencesStore.swift */,
			);
			path = PreferencesStore;
			sourceTree = "<group>";
		};
		9A205C1C1FFF97C00033D96D /* ServerDataManagers */ = {
			isa = PBXGroup;
			children = (
				9A205C1D1FFF97FD0033D96D /* FavouriteListUpdater.swift */,
				9A44227C20067E820023E37D /* InboxListUpdater.swift */,
				9A4A2E842035BCD000C606D3 /* CaptureListUpdater.swift */,
				9A3564E120172801008DC087 /* FileUploader.swift */,
			);
			path = ServerDataManagers;
			sourceTree = "<group>";
		};
		9A5805611FF4C34D00A55D16 /* MenuBarActionHandler */ = {
			isa = PBXGroup;
			children = (
				9A5805621FF4C37400A55D16 /* MenuBarActionHandler.swift */,
				9ABE2C1D20091EE50025BA5A /* CaptureTextField.swift */,
			);
			path = MenuBarActionHandler;
			sourceTree = "<group>";
		};
		9A5805641FF4C96200A55D16 /* RecordingController */ = {
			isa = PBXGroup;
			children = (
				9A5805651FF4C97200A55D16 /* AudioRecordingController.swift */,
				9A4A2E8120358EEB00C606D3 /* RecordingManager.h */,
				9A4A2E8220358EEC00C606D3 /* RecordingManager.m */,
				9A4A2E8020358EE900C606D3 /* Hello Demo-Bridging-Header.h */,
			);
			path = RecordingController;
			sourceTree = "<group>";
		};
		9A5805671FF4D0CB00A55D16 /* RecordingStoreManager */ = {
			isa = PBXGroup;
			children = (
				9A5805681FF4D1C900A55D16 /* RecordingStoreManager.swift */,
			);
			name = RecordingStoreManager;
			path = "Audio Capture/RecordingStoreManager";
			sourceTree = SOURCE_ROOT;
		};
		9A5B5B93201B44770078BB7C /* MiniPlayerWindow */ = {
			isa = PBXGroup;
			children = (
				9A006133202EE0660062E8DA /* Determinate */,
				9A5B5B94201B44AC0078BB7C /* MiniAudioPlayerController.swift */,
				9A006141202EE0880062E8DA /* PlayerViewController.storyboard */,
				9A5B5B96201B45E60078BB7C /* MiniAudioPlayerController.storyboard */,
				9A5B5B9C201B6BD50078BB7C /* PlayerViewController.swift */,
				9A006143202EE5CB0062E8DA /* ViewController.swift */,
			);
			path = MiniPlayerWindow;
			sourceTree = "<group>";
		};
		9ADE7B8D1FF3FACB00AE8885 = {
			isa = PBXGroup;
			children = (
				9ADE7B981FF3FACB00AE8885 /* Audio Capture */,
				9ADE7BAC1FF3FACB00AE8885 /* Audio CaptureTests */,
				9ADE7BB71FF3FACB00AE8885 /* Audio CaptureUITests */,
				9ADE7B971FF3FACB00AE8885 /* Products */,
				81F0980BD867FB0C21AC0D79 /* Pods */,
				5B0EA12DF0441DBFF8EF6DBA /* Frameworks */,
			);
			sourceTree = "<group>";
		};
		9ADE7B971FF3FACB00AE8885 /* Products */ = {
			isa = PBXGroup;
			children = (
				9ADE7B961FF3FACB00AE8885 /* Hello Demo.app */,
				9ADE7BA91FF3FACB00AE8885 /* Hello DemoTests.xctest */,
				9ADE7BB41FF3FACB00AE8885 /* Hello DemoUITests.xctest */,
			);
			name = Products;
			sourceTree = "<group>";
		};
		9ADE7B981FF3FACB00AE8885 /* Audio Capture */ = {
			isa = PBXGroup;
			children = (
				9AF2900B200394440017E9AD /* ApiConstants */,
				9ADE7BCE1FF3FF5F00AE8885 /* CocoaSubclasses */,
				9ADE7BCD1FF3FF3600AE8885 /* Categories */,
				9ADE7BCC1FF3FF3600AE8885 /* Utilities */,
				9A5805611FF4C34D00A55D16 /* MenuBarActionHandler */,
				9A5805641FF4C96200A55D16 /* RecordingController */,
				9A5805671FF4D0CB00A55D16 /* RecordingStoreManager */,
				9A205C191FFF95850033D96D /* PreferencesStore */,
				9ADE7B991FF3FACB00AE8885 /* AppDelegate.swift */,
				9A5B5B93201B44770078BB7C /* MiniPlayerWindow */,
				9A205C1C1FFF97C00033D96D /* ServerDataManagers */,
				9AE97A0120022A2000815942 /* LoginController */,
				9A12CEAE200DBCC100844308 /* SyncFileManager */,
				9ADE7B9E1FF3FACB00AE8885 /* Assets.xcassets */,
				9ADE7BA01FF3FACB00AE8885 /* MainMenu.xib */,
				9ADE7BA31FF3FACB00AE8885 /* Info.plist */,
				9ADE7BA41FF3FACB00AE8885 /* Audio_Capture.entitlements */,
				9ADE7B9B1FF3FACB00AE8885 /* Audio_Capture.xcdatamodeld */,
				9A6FF41C1FFCE12500756E0C /* API_README.md */,
				9ABE2C0E20087CB50025BA5A /* TODO_README.md */,
			);
			path = "Audio Capture";
			sourceTree = "<group>";
		};
		9ADE7BAC1FF3FACB00AE8885 /* Audio CaptureTests */ = {
			isa = PBXGroup;
			children = (
				9ADE7BAD1FF3FACB00AE8885 /* Audio_CaptureTests.swift */,
				9ADE7BAF1FF3FACB00AE8885 /* Info.plist */,
			);
			path = "Audio CaptureTests";
			sourceTree = "<group>";
		};
		9ADE7BB71FF3FACB00AE8885 /* Audio CaptureUITests */ = {
			isa = PBXGroup;
			children = (
				9ADE7BB81FF3FACB00AE8885 /* Audio_CaptureUITests.swift */,
				9ADE7BBA1FF3FACB00AE8885 /* Info.plist */,
			);
			path = "Audio CaptureUITests";
			sourceTree = "<group>";
		};
		9ADE7BCC1FF3FF3600AE8885 /* Utilities */ = {
			isa = PBXGroup;
			children = (
				9AE97A0C20023C3200815942 /* NSUtilities.swift */,
			);
			path = Utilities;
			sourceTree = "<group>";
		};
		9ADE7BCD1FF3FF3600AE8885 /* Categories */ = {
			isa = PBXGroup;
			children = (
				9AC7D40B1FFB9E7600D3689E /* CreateDirecotry.swift */,
			);
			path = Categories;
			sourceTree = "<group>";
		};
		9ADE7BCE1FF3FF5F00AE8885 /* CocoaSubclasses */ = {
			isa = PBXGroup;
			children = (
				9ADE7BCF1FF3FF5F00AE8885 /* DoubleClickButton.swift */,
				9A5B5B99201B4AD40078BB7C /* NSStoryboard+Utilities.swift */,
				9A5B5B98201B4AD40078BB7C /* NSViewController+Utilities.swift */,
			);
			path = CocoaSubclasses;
			sourceTree = "<group>";
		};
		9AE97A0120022A2000815942 /* LoginController */ = {
			isa = PBXGroup;
			children = (
				9AE97A0420022A7D00815942 /* MusicLoginController.xib */,
				9AE97A0220022A3300815942 /* MusicLoginController.swift */,
			);
			path = LoginController;
			sourceTree = "<group>";
		};
		9AF2900B200394440017E9AD /* ApiConstants */ = {
			isa = PBXGroup;
			children = (
				9AF2900C200394570017E9AD /* ApiConstants.swift */,
				9ABC911C2004BB94003AEB80 /* DataRequestHandler.swift */,
				9ABC911E2004C37F003AEB80 /* DictionaryCleanup.swift */,
			);
			path = ApiConstants;
			sourceTree = "<group>";
		};
/* End PBXGroup section */

/* Begin PBXNativeTarget section */
		9ADE7B951FF3FACB00AE8885 /* Hello Demo */ = {
			isa = PBXNativeTarget;
			buildConfigurationList = 9ADE7BBD1FF3FACB00AE8885 /* Build configuration list for PBXNativeTarget "Hello Demo" */;
			buildPhases = (
				114402E805AD7DD95F6D737F /* [CP] Check Pods Manifest.lock */,
				9ADE7B921FF3FACB00AE8885 /* Sources */,
				9ADE7B931FF3FACB00AE8885 /* Frameworks */,
				9ADE7B941FF3FACB00AE8885 /* Resources */,
				A278793931B658B571392745 /* [CP] Embed Pods Frameworks */,
				AF18C9ABB89B19B620C6D2D7 /* [CP] Copy Pods Resources */,
			);
			buildRules = (
			);
			dependencies = (
			);
			name = "Hello Demo";
			productName = "Audio Capture";
			productReference = 9ADE7B961FF3FACB00AE8885 /* Hello Demo.app */;
			productType = "com.apple.product-type.application";
		};
		9ADE7BA81FF3FACB00AE8885 /* Hello DemoTests */ = {
			isa = PBXNativeTarget;
			buildConfigurationList = 9ADE7BC01FF3FACB00AE8885 /* Build configuration list for PBXNativeTarget "Hello DemoTests" */;
			buildPhases = (
				8E4A1485FDC69AC55EAA426A /* [CP] Check Pods Manifest.lock */,
				9ADE7BA51FF3FACB00AE8885 /* Sources */,
				9ADE7BA61FF3FACB00AE8885 /* Frameworks */,
				9ADE7BA71FF3FACB00AE8885 /* Resources */,
				9CB2160D2EDA8ECC06C77CE4 /* [CP] Embed Pods Frameworks */,
				419A2E4847A04BDBB2CCD338 /* [CP] Copy Pods Resources */,
			);
			buildRules = (
			);
			dependencies = (
				9ADE7BAB1FF3FACB00AE8885 /* PBXTargetDependency */,
			);
			name = "Hello DemoTests";
			productName = "Audio CaptureTests";
			productReference = 9ADE7BA91FF3FACB00AE8885 /* Hello DemoTests.xctest */;
			productType = "com.apple.product-type.bundle.unit-test";
		};
		9ADE7BB31FF3FACB00AE8885 /* Hello DemoUITests */ = {
			isa = PBXNativeTarget;
			buildConfigurationList = 9ADE7BC31FF3FACB00AE8885 /* Build configuration list for PBXNativeTarget "Hello DemoUITests" */;
			buildPhases = (
				1DFDEDAE2B5659E394439E02 /* [CP] Check Pods Manifest.lock */,
				9ADE7BB01FF3FACB00AE8885 /* Sources */,
				9ADE7BB11FF3FACB00AE8885 /* Frameworks */,
				9ADE7BB21FF3FACB00AE8885 /* Resources */,
				E2856A13D9A035B5EC011E17 /* [CP] Embed Pods Frameworks */,
				2ED2EBA270FF8DBD0E4454A8 /* [CP] Copy Pods Resources */,
			);
			buildRules = (
			);
			dependencies = (
				9ADE7BB61FF3FACB00AE8885 /* PBXTargetDependency */,
			);
			name = "Hello DemoUITests";
			productName = "Audio CaptureUITests";
			productReference = 9ADE7BB41FF3FACB00AE8885 /* Hello DemoUITests.xctest */;
			productType = "com.apple.product-type.bundle.ui-testing";
		};
/* End PBXNativeTarget section */

/* Begin PBXProject section */
		9ADE7B8E1FF3FACB00AE8885 /* Project object */ = {
			isa = PBXProject;
			attributes = {
				LastSwiftUpdateCheck = 0920;
				LastUpgradeCheck = 0920;
				ORGANIZATIONNAME = CB;
				TargetAttributes = {
					9ADE7B951FF3FACB00AE8885 = {
						CreatedOnToolsVersion = 9.2;
						LastSwiftMigration = 0920;
						ProvisioningStyle = Manual;
						SystemCapabilities = {
							com.apple.Sandbox = {
								enabled = 0;
							};
						};
					};
					9ADE7BA81FF3FACB00AE8885 = {
						CreatedOnToolsVersion = 9.2;
						ProvisioningStyle = Automatic;
						TestTargetID = 9ADE7B951FF3FACB00AE8885;
					};
					9ADE7BB31FF3FACB00AE8885 = {
						CreatedOnToolsVersion = 9.2;
						ProvisioningStyle = Automatic;
						TestTargetID = 9ADE7B951FF3FACB00AE8885;
					};
				};
			};
			buildConfigurationList = 9ADE7B911FF3FACB00AE8885 /* Build configuration list for PBXProject "Hello Demo" */;
			compatibilityVersion = "Xcode 8.0";
			developmentRegion = en;
			hasScannedForEncodings = 0;
			knownRegions = (
				en,
				Base,
			);
			mainGroup = 9ADE7B8D1FF3FACB00AE8885;
			productRefGroup = 9ADE7B971FF3FACB00AE8885 /* Products */;
			projectDirPath = "";
			projectRoot = "";
			targets = (
				9ADE7B951FF3FACB00AE8885 /* Hello Demo */,
				9ADE7BA81FF3FACB00AE8885 /* Hello DemoTests */,
				9ADE7BB31FF3FACB00AE8885 /* Hello DemoUITests */,
			);
		};
/* End PBXProject section */

/* Begin PBXResourcesBuildPhase section */
		9ADE7B941FF3FACB00AE8885 /* Resources */ = {
			isa = PBXResourcesBuildPhase;
			buildActionMask = 2147483647;
			files = (
				9ADE7B9F1FF3FACB00AE8885 /* Assets.xcassets in Resources */,
				9A006142202EE0890062E8DA /* PlayerViewController.storyboard in Resources */,
				9ADE7BA21FF3FACB00AE8885 /* MainMenu.xib in Resources */,
				9AE97A0520022A7D00815942 /* MusicLoginController.xib in Resources */,
				9A5B5B97201B45E60078BB7C /* MiniAudioPlayerController.storyboard in Resources */,
			);
			runOnlyForDeploymentPostprocessing = 0;
		};
		9ADE7BA71FF3FACB00AE8885 /* Resources */ = {
			isa = PBXResourcesBuildPhase;
			buildActionMask = 2147483647;
			files = (
			);
			runOnlyForDeploymentPostprocessing = 0;
		};
		9ADE7BB21FF3FACB00AE8885 /* Resources */ = {
			isa = PBXResourcesBuildPhase;
			buildActionMask = 2147483647;
			files = (
			);
			runOnlyForDeploymentPostprocessing = 0;
		};
/* End PBXResourcesBuildPhase section */

/* Begin PBXShellScriptBuildPhase section */
		114402E805AD7DD95F6D737F /* [CP] Check Pods Manifest.lock */ = {
			isa = PBXShellScriptBuildPhase;
			buildActionMask = 2147483647;
			files = (
			);
			inputPaths = (
				"${PODS_PODFILE_DIR_PATH}/Podfile.lock",
				"${PODS_ROOT}/Manifest.lock",
			);
			name = "[CP] Check Pods Manifest.lock";
			outputPaths = (
				"$(DERIVED_FILE_DIR)/Pods-Hello Demo-checkManifestLockResult.txt",
			);
			runOnlyForDeploymentPostprocessing = 0;
			shellPath = /bin/sh;
			shellScript = "diff \"${PODS_PODFILE_DIR_PATH}/Podfile.lock\" \"${PODS_ROOT}/Manifest.lock\" > /dev/null\nif [ $? != 0 ] ; then\n    # print error to STDERR\n    echo \"error: The sandbox is not in sync with the Podfile.lock. Run 'pod install' or update your CocoaPods installation.\" >&2\n    exit 1\nfi\n# This output is used by Xcode 'outputs' to avoid re-running this script phase.\necho \"SUCCESS\" > \"${SCRIPT_OUTPUT_FILE_0}\"\n";
			showEnvVarsInLog = 0;
		};
		1DFDEDAE2B5659E394439E02 /* [CP] Check Pods Manifest.lock */ = {
			isa = PBXShellScriptBuildPhase;
			buildActionMask = 2147483647;
			files = (
			);
			inputPaths = (
				"${PODS_PODFILE_DIR_PATH}/Podfile.lock",
				"${PODS_ROOT}/Manifest.lock",
			);
			name = "[CP] Check Pods Manifest.lock";
			outputPaths = (
				"$(DERIVED_FILE_DIR)/Pods-Hello DemoUITests-checkManifestLockResult.txt",
			);
			runOnlyForDeploymentPostprocessing = 0;
			shellPath = /bin/sh;
			shellScript = "diff \"${PODS_PODFILE_DIR_PATH}/Podfile.lock\" \"${PODS_ROOT}/Manifest.lock\" > /dev/null\nif [ $? != 0 ] ; then\n    # print error to STDERR\n    echo \"error: The sandbox is not in sync with the Podfile.lock. Run 'pod install' or update your CocoaPods installation.\" >&2\n    exit 1\nfi\n# This output is used by Xcode 'outputs' to avoid re-running this script phase.\necho \"SUCCESS\" > \"${SCRIPT_OUTPUT_FILE_0}\"\n";
			showEnvVarsInLog = 0;
		};
		2ED2EBA270FF8DBD0E4454A8 /* [CP] Copy Pods Resources */ = {
			isa = PBXShellScriptBuildPhase;
			buildActionMask = 2147483647;
			files = (
			);
			inputPaths = (
			);
			name = "[CP] Copy Pods Resources";
			outputPaths = (
			);
			runOnlyForDeploymentPostprocessing = 0;
			shellPath = /bin/sh;
			shellScript = "\"${SRCROOT}/Pods/Target Support Files/Pods-Hello DemoUITests/Pods-Hello DemoUITests-resources.sh\"\n";
			showEnvVarsInLog = 0;
		};
		419A2E4847A04BDBB2CCD338 /* [CP] Copy Pods Resources */ = {
			isa = PBXShellScriptBuildPhase;
			buildActionMask = 2147483647;
			files = (
			);
			inputPaths = (
			);
			name = "[CP] Copy Pods Resources";
			outputPaths = (
			);
			runOnlyForDeploymentPostprocessing = 0;
			shellPath = /bin/sh;
			shellScript = "\"${SRCROOT}/Pods/Target Support Files/Pods-Hello DemoTests/Pods-Hello DemoTests-resources.sh\"\n";
			showEnvVarsInLog = 0;
		};
		8E4A1485FDC69AC55EAA426A /* [CP] Check Pods Manifest.lock */ = {
			isa = PBXShellScriptBuildPhase;
			buildActionMask = 2147483647;
			files = (
			);
			inputPaths = (
				"${PODS_PODFILE_DIR_PATH}/Podfile.lock",
				"${PODS_ROOT}/Manifest.lock",
			);
			name = "[CP] Check Pods Manifest.lock";
			outputPaths = (
				"$(DERIVED_FILE_DIR)/Pods-Hello DemoTests-checkManifestLockResult.txt",
			);
			runOnlyForDeploymentPostprocessing = 0;
			shellPath = /bin/sh;
			shellScript = "diff \"${PODS_PODFILE_DIR_PATH}/Podfile.lock\" \"${PODS_ROOT}/Manifest.lock\" > /dev/null\nif [ $? != 0 ] ; then\n    # print error to STDERR\n    echo \"error: The sandbox is not in sync with the Podfile.lock. Run 'pod install' or update your CocoaPods installation.\" >&2\n    exit 1\nfi\n# This output is used by Xcode 'outputs' to avoid re-running this script phase.\necho \"SUCCESS\" > \"${SCRIPT_OUTPUT_FILE_0}\"\n";
			showEnvVarsInLog = 0;
		};
		9CB2160D2EDA8ECC06C77CE4 /* [CP] Embed Pods Frameworks */ = {
			isa = PBXShellScriptBuildPhase;
			buildActionMask = 2147483647;
			files = (
			);
			inputPaths = (
			);
			name = "[CP] Embed Pods Frameworks";
			outputPaths = (
			);
			runOnlyForDeploymentPostprocessing = 0;
			shellPath = /bin/sh;
			shellScript = "\"${SRCROOT}/Pods/Target Support Files/Pods-Hello DemoTests/Pods-Hello DemoTests-frameworks.sh\"\n";
			showEnvVarsInLog = 0;
		};
		A278793931B658B571392745 /* [CP] Embed Pods Frameworks */ = {
			isa = PBXShellScriptBuildPhase;
			buildActionMask = 2147483647;
			files = (
			);
			inputPaths = (
				"${SRCROOT}/Pods/Target Support Files/Pods-Hello Demo/Pods-Hello Demo-frameworks.sh",
				"${BUILT_PRODUCTS_DIR}/Alamofire/Alamofire.framework",
				"${BUILT_PRODUCTS_DIR}/Alamofire-SwiftyJSON/Alamofire_SwiftyJSON.framework",
				"${BUILT_PRODUCTS_DIR}/AlamofireImage/AlamofireImage.framework",
				"${BUILT_PRODUCTS_DIR}/SwiftyJSON/SwiftyJSON.framework",
			);
			name = "[CP] Embed Pods Frameworks";
			outputPaths = (
				"${TARGET_BUILD_DIR}/${FRAMEWORKS_FOLDER_PATH}/Alamofire.framework",
				"${TARGET_BUILD_DIR}/${FRAMEWORKS_FOLDER_PATH}/Alamofire_SwiftyJSON.framework",
				"${TARGET_BUILD_DIR}/${FRAMEWORKS_FOLDER_PATH}/AlamofireImage.framework",
				"${TARGET_BUILD_DIR}/${FRAMEWORKS_FOLDER_PATH}/SwiftyJSON.framework",
			);
			runOnlyForDeploymentPostprocessing = 0;
			shellPath = /bin/sh;
			shellScript = "\"${SRCROOT}/Pods/Target Support Files/Pods-Hello Demo/Pods-Hello Demo-frameworks.sh\"\n";
			showEnvVarsInLog = 0;
		};
		AF18C9ABB89B19B620C6D2D7 /* [CP] Copy Pods Resources */ = {
			isa = PBXShellScriptBuildPhase;
			buildActionMask = 2147483647;
			files = (
			);
			inputPaths = (
			);
			name = "[CP] Copy Pods Resources";
			outputPaths = (
			);
			runOnlyForDeploymentPostprocessing = 0;
			shellPath = /bin/sh;
			shellScript = "\"${SRCROOT}/Pods/Target Support Files/Pods-Hello Demo/Pods-Hello Demo-resources.sh\"\n";
			showEnvVarsInLog = 0;
		};
		E2856A13D9A035B5EC011E17 /* [CP] Embed Pods Frameworks */ = {
			isa = PBXShellScriptBuildPhase;
			buildActionMask = 2147483647;
			files = (
			);
			inputPaths = (
			);
			name = "[CP] Embed Pods Frameworks";
			outputPaths = (
			);
			runOnlyForDeploymentPostprocessing = 0;
			shellPath = /bin/sh;
			shellScript = "\"${SRCROOT}/Pods/Target Support Files/Pods-Hello DemoUITests/Pods-Hello DemoUITests-frameworks.sh\"\n";
			showEnvVarsInLog = 0;
		};
/* End PBXShellScriptBuildPhase section */

/* Begin PBXSourcesBuildPhase section */
		9ADE7B921FF3FACB00AE8885 /* Sources */ = {
			isa = PBXSourcesBuildPhase;
			buildActionMask = 2147483647;
			files = (
				9A205C1B1FFF95850033D96D /* PreferencesStore.swift in Sources */,
				9A00613C202EE0660062E8DA /* CircularProgressView.swift in Sources */,
				9A4A2E852035BCD000C606D3 /* CaptureListUpdater.swift in Sources */,
				9AE97A0320022A3300815942 /* MusicLoginController.swift in Sources */,
				9A00613F202EE0660062E8DA /* DeterminateAnimation.swift in Sources */,
				9AC7D40C1FFB9E7600D3689E /* CreateDirecotry.swift in Sources */,
				9A44227D20067E820023E37D /* InboxListUpdater.swift in Sources */,
				9ADE7BD01FF3FF5F00AE8885 /* DoubleClickButton.swift in Sources */,
				9A5B5B95201B44AC0078BB7C /* MiniAudioPlayerController.swift in Sources */,
				9A3564E220172801008DC087 /* FileUploader.swift in Sources */,
				9ADE7B9A1FF3FACB00AE8885 /* AppDelegate.swift in Sources */,
				9A5B5B9A201B4AD50078BB7C /* NSViewController+Utilities.swift in Sources */,
				9A5B5B9D201B6BD50078BB7C /* PlayerViewController.swift in Sources */,
				9AE97A0D20023C3200815942 /* NSUtilities.swift in Sources */,
				9ADE7B9D1FF3FACB00AE8885 /* Audio_Capture.xcdatamodeld in Sources */,
				9A5805661FF4C97200A55D16 /* AudioRecordingController.swift in Sources */,
				9AF2900D200394570017E9AD /* ApiConstants.swift in Sources */,
				9A00613E202EE0660062E8DA /* ProgressBar.swift in Sources */,
				9A5805631FF4C37400A55D16 /* MenuBarActionHandler.swift in Sources */,
				9A006140202EE0660062E8DA /* BaseView.swift in Sources */,
				9A5B5B9B201B4AD50078BB7C /* NSStoryboard+Utilities.swift in Sources */,
				9A006144202EE5CB0062E8DA /* ViewController.swift in Sources */,
				9A4A2E8320358EEC00C606D3 /* RecordingManager.m in Sources */,
				9A205C1E1FFF97FD0033D96D /* FavouriteListUpdater.swift in Sources */,
				9A12CEB0200DBCDE00844308 /* SyncFileManager.swift in Sources */,
				9ABC911D2004BB94003AEB80 /* DataRequestHandler.swift in Sources */,
				9A00613D202EE0660062E8DA /* NSBezierPath-CGPath.swift in Sources */,
				9ABC911F2004C37F003AEB80 /* DictionaryCleanup.swift in Sources */,
				9ABE2C1E20091EE50025BA5A /* CaptureTextField.swift in Sources */,
				9A5ECE2C2029D79500328094 /* RecordSyncFileManager.swift in Sources */,
				9A5805691FF4D1C900A55D16 /* RecordingStoreManager.swift in Sources */,
			);
			runOnlyForDeploymentPostprocessing = 0;
		};
		9ADE7BA51FF3FACB00AE8885 /* Sources */ = {
			isa = PBXSourcesBuildPhase;
			buildActionMask = 2147483647;
			files = (
				9ADE7BAE1FF3FACB00AE8885 /* Audio_CaptureTests.swift in Sources */,
			);
			runOnlyForDeploymentPostprocessing = 0;
		};
		9ADE7BB01FF3FACB00AE8885 /* Sources */ = {
			isa = PBXSourcesBuildPhase;
			buildActionMask = 2147483647;
			files = (
				9ADE7BB91FF3FACB00AE8885 /* Audio_CaptureUITests.swift in Sources */,
			);
			runOnlyForDeploymentPostprocessing = 0;
		};
/* End PBXSourcesBuildPhase section */

/* Begin PBXTargetDependency section */
		9ADE7BAB1FF3FACB00AE8885 /* PBXTargetDependency */ = {
			isa = PBXTargetDependency;
			target = 9ADE7B951FF3FACB00AE8885 /* Hello Demo */;
			targetProxy = 9ADE7BAA1FF3FACB00AE8885 /* PBXContainerItemProxy */;
		};
		9ADE7BB61FF3FACB00AE8885 /* PBXTargetDependency */ = {
			isa = PBXTargetDependency;
			target = 9ADE7B951FF3FACB00AE8885 /* Hello Demo */;
			targetProxy = 9ADE7BB51FF3FACB00AE8885 /* PBXContainerItemProxy */;
		};
/* End PBXTargetDependency section */

/* Begin PBXVariantGroup section */
		9ADE7BA01FF3FACB00AE8885 /* MainMenu.xib */ = {
			isa = PBXVariantGroup;
			children = (
				9ADE7BA11FF3FACB00AE8885 /* Base */,
			);
			name = MainMenu.xib;
			sourceTree = "<group>";
		};
/* End PBXVariantGroup section */

/* Begin XCBuildConfiguration section */
		9ADE7BBB1FF3FACB00AE8885 /* Debug */ = {
			isa = XCBuildConfiguration;
			buildSettings = {
				ALWAYS_SEARCH_USER_PATHS = NO;
				CLANG_ANALYZER_NONNULL = YES;
				CLANG_ANALYZER_NUMBER_OBJECT_CONVERSION = YES_AGGRESSIVE;
				CLANG_CXX_LANGUAGE_STANDARD = "gnu++14";
				CLANG_CXX_LIBRARY = "libc++";
				CLANG_ENABLE_MODULES = YES;
				CLANG_ENABLE_OBJC_ARC = YES;
				CLANG_WARN_BLOCK_CAPTURE_AUTORELEASING = YES;
				CLANG_WARN_BOOL_CONVERSION = YES;
				CLANG_WARN_COMMA = YES;
				CLANG_WARN_CONSTANT_CONVERSION = YES;
				CLANG_WARN_DIRECT_OBJC_ISA_USAGE = YES_ERROR;
				CLANG_WARN_DOCUMENTATION_COMMENTS = YES;
				CLANG_WARN_EMPTY_BODY = YES;
				CLANG_WARN_ENUM_CONVERSION = YES;
				CLANG_WARN_INFINITE_RECURSION = YES;
				CLANG_WARN_INT_CONVERSION = YES;
				CLANG_WARN_NON_LITERAL_NULL_CONVERSION = YES;
				CLANG_WARN_OBJC_LITERAL_CONVERSION = YES;
				CLANG_WARN_OBJC_ROOT_CLASS = YES_ERROR;
				CLANG_WARN_RANGE_LOOP_ANALYSIS = YES;
				CLANG_WARN_STRICT_PROTOTYPES = YES;
				CLANG_WARN_SUSPICIOUS_MOVE = YES;
				CLANG_WARN_UNGUARDED_AVAILABILITY = YES_AGGRESSIVE;
				CLANG_WARN_UNREACHABLE_CODE = YES;
				CLANG_WARN__DUPLICATE_METHOD_MATCH = YES;
				CODE_SIGN_IDENTITY = "-";
				COPY_PHASE_STRIP = NO;
				DEBUG_INFORMATION_FORMAT = dwarf;
				ENABLE_STRICT_OBJC_MSGSEND = YES;
				ENABLE_TESTABILITY = YES;
				GCC_C_LANGUAGE_STANDARD = gnu11;
				GCC_DYNAMIC_NO_PIC = NO;
				GCC_NO_COMMON_BLOCKS = YES;
				GCC_OPTIMIZATION_LEVEL = 0;
				GCC_PREPROCESSOR_DEFINITIONS = (
					"DEBUG=1",
					"$(inherited)",
				);
				GCC_WARN_64_TO_32_BIT_CONVERSION = YES;
				GCC_WARN_ABOUT_RETURN_TYPE = YES_ERROR;
				GCC_WARN_UNDECLARED_SELECTOR = YES;
				GCC_WARN_UNINITIALIZED_AUTOS = YES_AGGRESSIVE;
				GCC_WARN_UNUSED_FUNCTION = YES;
				GCC_WARN_UNUSED_VARIABLE = YES;
				MACOSX_DEPLOYMENT_TARGET = 10.13;
				MTL_ENABLE_DEBUG_INFO = YES;
				ONLY_ACTIVE_ARCH = YES;
				SDKROOT = macosx;
				SWIFT_ACTIVE_COMPILATION_CONDITIONS = DEBUG;
				SWIFT_OPTIMIZATION_LEVEL = "-Onone";
			};
			name = Debug;
		};
		9ADE7BBC1FF3FACB00AE8885 /* Release */ = {
			isa = XCBuildConfiguration;
			buildSettings = {
				ALWAYS_SEARCH_USER_PATHS = NO;
				CLANG_ANALYZER_NONNULL = YES;
				CLANG_ANALYZER_NUMBER_OBJECT_CONVERSION = YES_AGGRESSIVE;
				CLANG_CXX_LANGUAGE_STANDARD = "gnu++14";
				CLANG_CXX_LIBRARY = "libc++";
				CLANG_ENABLE_MODULES = YES;
				CLANG_ENABLE_OBJC_ARC = YES;
				CLANG_WARN_BLOCK_CAPTURE_AUTORELEASING = YES;
				CLANG_WARN_BOOL_CONVERSION = YES;
				CLANG_WARN_COMMA = YES;
				CLANG_WARN_CONSTANT_CONVERSION = YES;
				CLANG_WARN_DIRECT_OBJC_ISA_USAGE = YES_ERROR;
				CLANG_WARN_DOCUMENTATION_COMMENTS = YES;
				CLANG_WARN_EMPTY_BODY = YES;
				CLANG_WARN_ENUM_CONVERSION = YES;
				CLANG_WARN_INFINITE_RECURSION = YES;
				CLANG_WARN_INT_CONVERSION = YES;
				CLANG_WARN_NON_LITERAL_NULL_CONVERSION = YES;
				CLANG_WARN_OBJC_LITERAL_CONVERSION = YES;
				CLANG_WARN_OBJC_ROOT_CLASS = YES_ERROR;
				CLANG_WARN_RANGE_LOOP_ANALYSIS = YES;
				CLANG_WARN_STRICT_PROTOTYPES = YES;
				CLANG_WARN_SUSPICIOUS_MOVE = YES;
				CLANG_WARN_UNGUARDED_AVAILABILITY = YES_AGGRESSIVE;
				CLANG_WARN_UNREACHABLE_CODE = YES;
				CLANG_WARN__DUPLICATE_METHOD_MATCH = YES;
				CODE_SIGN_IDENTITY = "-";
				COPY_PHASE_STRIP = NO;
				DEBUG_INFORMATION_FORMAT = "dwarf-with-dsym";
				ENABLE_NS_ASSERTIONS = NO;
				ENABLE_STRICT_OBJC_MSGSEND = YES;
				GCC_C_LANGUAGE_STANDARD = gnu11;
				GCC_NO_COMMON_BLOCKS = YES;
				GCC_WARN_64_TO_32_BIT_CONVERSION = YES;
				GCC_WARN_ABOUT_RETURN_TYPE = YES_ERROR;
				GCC_WARN_UNDECLARED_SELECTOR = YES;
				GCC_WARN_UNINITIALIZED_AUTOS = YES_AGGRESSIVE;
				GCC_WARN_UNUSED_FUNCTION = YES;
				GCC_WARN_UNUSED_VARIABLE = YES;
				MACOSX_DEPLOYMENT_TARGET = 10.13;
				MTL_ENABLE_DEBUG_INFO = NO;
				SDKROOT = macosx;
				SWIFT_OPTIMIZATION_LEVEL = "-Owholemodule";
			};
			name = Release;
		};
		9ADE7BBE1FF3FACB00AE8885 /* Debug */ = {
			isa = XCBuildConfiguration;
			baseConfigurationReference = 0DCFEEF1DFDFC25073C02865 /* Pods-Hello Demo.debug.xcconfig */;
			buildSettings = {
				ASSETCATALOG_COMPILER_APPICON_NAME = AppIcon;
				CLANG_ENABLE_MODULES = YES;
				CODE_SIGN_STYLE = Manual;
				COMBINE_HIDPI_IMAGES = YES;
				DEVELOPMENT_TEAM = "";
				INFOPLIST_FILE = "Audio Capture/Info.plist";
				LD_RUNPATH_SEARCH_PATHS = "$(inherited) @executable_path/../Frameworks";
				MACOSX_DEPLOYMENT_TARGET = 10.11;
				PRODUCT_BUNDLE_IDENTIFIER = "com.corebitss.Audio-Capture";
				PRODUCT_NAME = "$(TARGET_NAME)";
				PROVISIONING_PROFILE_SPECIFIER = "";
				SWIFT_OBJC_BRIDGING_HEADER = "Audio Capture/RecordingController/Hello Demo-Bridging-Header.h";
				SWIFT_OPTIMIZATION_LEVEL = "-Onone";
				SWIFT_VERSION = 4.0;
			};
			name = Debug;
		};
		9ADE7BBF1FF3FACB00AE8885 /* Release */ = {
			isa = XCBuildConfiguration;
			baseConfigurationReference = 85E9E296B14B03EBAA625FE7 /* Pods-Hello Demo.release.xcconfig */;
			buildSettings = {
				ASSETCATALOG_COMPILER_APPICON_NAME = AppIcon;
				CLANG_ENABLE_MODULES = YES;
				CODE_SIGN_STYLE = Manual;
				COMBINE_HIDPI_IMAGES = YES;
				DEVELOPMENT_TEAM = "";
				INFOPLIST_FILE = "Audio Capture/Info.plist";
				LD_RUNPATH_SEARCH_PATHS = "$(inherited) @executable_path/../Frameworks";
				MACOSX_DEPLOYMENT_TARGET = 10.11;
				PRODUCT_BUNDLE_IDENTIFIER = "com.corebitss.Audio-Capture";
				PRODUCT_NAME = "$(TARGET_NAME)";
				PROVISIONING_PROFILE_SPECIFIER = "";
				SWIFT_OBJC_BRIDGING_HEADER = "Audio Capture/RecordingController/Hello Demo-Bridging-Header.h";
				SWIFT_VERSION = 4.0;
			};
			name = Release;
		};
		9ADE7BC11FF3FACB00AE8885 /* Debug */ = {
			isa = XCBuildConfiguration;
			baseConfigurationReference = FF75CDA760852BDB3EEEDDEA /* Pods-Hello DemoTests.debug.xcconfig */;
			buildSettings = {
				ALWAYS_EMBED_SWIFT_STANDARD_LIBRARIES = YES;
				BUNDLE_LOADER = "$(TEST_HOST)";
				CODE_SIGN_STYLE = Automatic;
				COMBINE_HIDPI_IMAGES = YES;
				INFOPLIST_FILE = "Audio CaptureTests/Info.plist";
				LD_RUNPATH_SEARCH_PATHS = "$(inherited) @executable_path/../Frameworks @loader_path/../Frameworks";
				PRODUCT_BUNDLE_IDENTIFIER = "com.corebitss.Audio-CaptureTests";
				PRODUCT_NAME = "$(TARGET_NAME)";
				SWIFT_VERSION = 4.0;
				TEST_HOST = "$(BUILT_PRODUCTS_DIR)/Hello Demo.app/Contents/MacOS/Hello Demo";
			};
			name = Debug;
		};
		9ADE7BC21FF3FACB00AE8885 /* Release */ = {
			isa = XCBuildConfiguration;
			baseConfigurationReference = 65849D57DE3A7226C627DD67 /* Pods-Hello DemoTests.release.xcconfig */;
			buildSettings = {
				ALWAYS_EMBED_SWIFT_STANDARD_LIBRARIES = YES;
				BUNDLE_LOADER = "$(TEST_HOST)";
				CODE_SIGN_STYLE = Automatic;
				COMBINE_HIDPI_IMAGES = YES;
				INFOPLIST_FILE = "Audio CaptureTests/Info.plist";
				LD_RUNPATH_SEARCH_PATHS = "$(inherited) @executable_path/../Frameworks @loader_path/../Frameworks";
				PRODUCT_BUNDLE_IDENTIFIER = "com.corebitss.Audio-CaptureTests";
				PRODUCT_NAME = "$(TARGET_NAME)";
				SWIFT_VERSION = 4.0;
				TEST_HOST = "$(BUILT_PRODUCTS_DIR)/Hello Demo.app/Contents/MacOS/Hello Demo";
			};
			name = Release;
		};
		9ADE7BC41FF3FACB00AE8885 /* Debug */ = {
			isa = XCBuildConfiguration;
			baseConfigurationReference = 44F42D2B3E6D2D63F3F7E13A /* Pods-Hello DemoUITests.debug.xcconfig */;
			buildSettings = {
				ALWAYS_EMBED_SWIFT_STANDARD_LIBRARIES = YES;
				CODE_SIGN_STYLE = Automatic;
				COMBINE_HIDPI_IMAGES = YES;
				INFOPLIST_FILE = "Audio CaptureUITests/Info.plist";
				LD_RUNPATH_SEARCH_PATHS = "$(inherited) @executable_path/../Frameworks @loader_path/../Frameworks";
				PRODUCT_BUNDLE_IDENTIFIER = "com.corebitss.Audio-CaptureUITests";
				PRODUCT_NAME = "$(TARGET_NAME)";
				SWIFT_VERSION = 4.0;
				TEST_TARGET_NAME = "Audio Capture";
			};
			name = Debug;
		};
		9ADE7BC51FF3FACB00AE8885 /* Release */ = {
			isa = XCBuildConfiguration;
			baseConfigurationReference = 5D8FCC5B7DFE58C848D274A2 /* Pods-Hello DemoUITests.release.xcconfig */;
			buildSettings = {
				ALWAYS_EMBED_SWIFT_STANDARD_LIBRARIES = YES;
				CODE_SIGN_STYLE = Automatic;
				COMBINE_HIDPI_IMAGES = YES;
				INFOPLIST_FILE = "Audio CaptureUITests/Info.plist";
				LD_RUNPATH_SEARCH_PATHS = "$(inherited) @executable_path/../Frameworks @loader_path/../Frameworks";
				PRODUCT_BUNDLE_IDENTIFIER = "com.corebitss.Audio-CaptureUITests";
				PRODUCT_NAME = "$(TARGET_NAME)";
				SWIFT_VERSION = 4.0;
				TEST_TARGET_NAME = "Audio Capture";
			};
			name = Release;
		};
/* End XCBuildConfiguration section */

/* Begin XCConfigurationList section */
		9ADE7B911FF3FACB00AE8885 /* Build configuration list for PBXProject "Hello Demo" */ = {
			isa = XCConfigurationList;
			buildConfigurations = (
				9ADE7BBB1FF3FACB00AE8885 /* Debug */,
				9ADE7BBC1FF3FACB00AE8885 /* Release */,
			);
			defaultConfigurationIsVisible = 0;
			defaultConfigurationName = Release;
		};
		9ADE7BBD1FF3FACB00AE8885 /* Build configuration list for PBXNativeTarget "Hello Demo" */ = {
			isa = XCConfigurationList;
			buildConfigurations = (
				9ADE7BBE1FF3FACB00AE8885 /* Debug */,
				9ADE7BBF1FF3FACB00AE8885 /* Release */,
			);
			defaultConfigurationIsVisible = 0;
			defaultConfigurationName = Release;
		};
		9ADE7BC01FF3FACB00AE8885 /* Build configuration list for PBXNativeTarget "Hello DemoTests" */ = {
			isa = XCConfigurationList;
			buildConfigurations = (
				9ADE7BC11FF3FACB00AE8885 /* Debug */,
				9ADE7BC21FF3FACB00AE8885 /* Release */,
			);
			defaultConfigurationIsVisible = 0;
			defaultConfigurationName = Release;
		};
		9ADE7BC31FF3FACB00AE8885 /* Build configuration list for PBXNativeTarget "Hello DemoUITests" */ = {
			isa = XCConfigurationList;
			buildConfigurations = (
				9ADE7BC41FF3FACB00AE8885 /* Debug */,
				9ADE7BC51FF3FACB00AE8885 /* Release */,
			);
			defaultConfigurationIsVisible = 0;
			defaultConfigurationName = Release;
		};
/* End XCConfigurationList section */

/* Begin XCVersionGroup section */
		9ADE7B9B1FF3FACB00AE8885 /* Audio_Capture.xcdatamodeld */ = {
			isa = XCVersionGroup;
			children = (
				9ADE7B9C1FF3FACB00AE8885 /* Audio_Capture.xcdatamodel */,
			);
			currentVersion = 9ADE7B9C1FF3FACB00AE8885 /* Audio_Capture.xcdatamodel */;
			path = Audio_Capture.xcdatamodeld;
			sourceTree = "<group>";
			versionGroupType = wrapper.xcdatamodel;
		};
/* End XCVersionGroup section */
	};
	rootObject = 9ADE7B8E1FF3FACB00AE8885 /* Project object */;
}
